
Microsoft Visual Studio Solution File, Format Version 12.00
# Visual Studio 15
VisualStudioVersion = 15.0.28010.2026
MinimumVisualStudioVersion = 10.0.40219.1
Project("{8BC9CEB8-8B4A-11D0-8D11-00A0C91BC942}") = "SFMLT", "SFMLT\SFMLT.vcxproj", "{EDA9C0A1-81AD-4DB8-8642-860FCCA3D8EE}"
EndProject
Global
	GlobalSection(SolutionConfigurationPlatforms) = preSolution
		Debug|x64 = Debug|x64
		Debug|x86 = Debug|x86
		Release|x64 = Release|x64
		Release|x86 = Release|x86
	EndGlobalSection
	GlobalSection(ProjectConfigurationPlatforms) = postSolution
		{EDA9C0A1-81AD-4DB8-8642-860FCCA3D8EE}.Debug|x64.ActiveCfg = Debug|x64
		{EDA9C0A1-81AD-4DB8-8642-860FCCA3D8EE}.Debug|x64.Build.0 = Debug|x64
		{EDA9C0A1-81AD-4DB8-8642-860FCCA3D8EE}.Debug|x86.ActiveCfg = Debug|Win32
		{EDA9C0A1-81AD-4DB8-8642-860FCCA3D8EE}.Debug|x86.Build.0 = Debug|Win32
		{EDA9C0A1-81AD-4DB8-8642-860FCCA3D8EE}.Release|x64.ActiveCfg = Release|x64
		{EDA9C0A1-81AD-4DB8-8642-860FCCA3D8EE}.Release|x64.Build.0 = Release|x64
		{EDA9C0A1-81AD-4DB8-8642-860FCCA3D8EE}.Release|x86.ActiveCfg = Release|Win32
		{EDA9C0A1-81AD-4DB8-8642-860FCCA3D8EE}.Release|x86.Build.0 = Release|Win32
	EndGlobalSection
	GlobalSection(SolutionProperties) = preSolution
		HideSolutionNode = FALSE
	EndGlobalSection
	GlobalSection(ExtensibilityGlobals) = postSolution
		SolutionGuid = {D593357A-32BD-486C-8A0A-85864CDA8518}
	EndGlobalSection
EndGlobal
